
Microsoft Visual Studio Solution File, Format Version 12.00
# Visual Studio Version 16
VisualStudioVersion = 16.0.30517.126
MinimumVisualStudioVersion = 10.0.40219.1
Project("{FAE04EC0-301F-11D3-BF4B-00C04F79EFBC}") = "CyberCity", "CyberCity.csproj", "{6BBA6132-BE09-44A5-9AEA-C3CEDE67165B}"
EndProject
Global
	GlobalSection(SolutionConfigurationPlatforms) = preSolution
		Debug|Any CPU = Debug|Any CPU
		Release|Any CPU = Release|Any CPU
	EndGlobalSection
	GlobalSection(ProjectConfigurationPlatforms) = postSolution
		{6BBA6132-BE09-44A5-9AEA-C3CEDE67165B}.Debug|Any CPU.ActiveCfg = Debug|Any CPU
		{6BBA6132-BE09-44A5-9AEA-C3CEDE67165B}.Debug|Any CPU.Build.0 = Debug|Any CPU
		{6BBA6132-BE09-44A5-9AEA-C3CEDE67165B}.Release|Any CPU.ActiveCfg = Release|Any CPU
		{6BBA6132-BE09-44A5-9AEA-C3CEDE67165B}.Release|Any CPU.Build.0 = Release|Any CPU
	EndGlobalSection
	GlobalSection(SolutionProperties) = preSolution
		HideSolutionNode = FALSE
	EndGlobalSection
	GlobalSection(ExtensibilityGlobals) = postSolution
		SolutionGuid = {AFB304EA-ED08-417F-A260-26C8F7F40D53}
	EndGlobalSection
EndGlobal
